github.com/aaronland/go-json-query v0.1.0 h1:ZHtbpW8jiGYuOXKDEscWDrDjyVXZhU9Qqfi3nkyI9Ho=
github.com/aaronland/go-json-query v0.1.0/go.mod h1:Mj1i+9hS3cd2Nj7qlnahcUeRC5uydPuJ/3xZGlIgBFU=
github.com/aaronland/go-roster v0.0.2 h1:2Fu7v4VQLRLRL/Zgr6R9S5JxsW75Ab/K88QtMVX532s=
github.com/aaronland/go-roster v0.0.2/go.mod h1:AcovpxlG1XxJxX2Fjqlm63fEIBhCjEIBV4lP87FZDmI=
github.com/tidwall/gjson v1.7.5 h1:zmAN/xmX7OtpAkv4Ovfso60r/BiCi5IErCDYGNJu+uc=
github.com/tidwall/gjson v1.7.5/go.mod h1:5/xDoumyyDNerp2U36lyolv46b3uF/9Bu6OfyQ9GImk=
github.com/tidwall/match v1.0.3 h1:FQUVvBImDutD8wJLN6c5eMzWtjgONK9MwIBCOrUJKeE=
github.com/tidwall/match v1.0.3/go.mod h1:eRSPERbgtNPcGhD8UCthc6PmLEQXEWd3PRB5JTxsfmM=
github.com/tidwall/pretty v1.1.0 h1:K3hMW5epkdAVwibsQEfR/7Zj0Qgt4DxtNumTq/VloO8=
github.com/tidwall/pretty v1.1.0/go.mod h1:XNkn88O1ChpSDQmQeStsy+sBenx6DDtFZJxhVysOjyk=
github.com/whosonfirst/go-ioutil v1.0.0 h1:sYpgJx7Wsp76e7PFGa8KKQBvWQW3+HMCWSJbKdD5m14=
github.com/whosonfirst/go-ioutil v1.0.0/go.mod h1:2dS1vWdAIkiHDvDF8fYyjv6k2NISmwaIjJJeEDBEdvg=
github.com/whosonfirst/go-reader v0.9.0 h1:u5PITZiAkPrpmZQHlkASdBEzF1pwby5vtgAmCEESWu4=
github.com/whosonfirst/go-reader v0.9.0/go.mod h1:6byB+UfZFNLYFqgsC/EKxTnKY8ahNgGHhUJsTrv1Jig=
github.com/whosonfirst/go-whosonfirst-crawl v0.2.1 h1:nNG7r7/4MaII/NM8Df2oqgfgVNBDoIKlseleoX1vw1Q=
github.com/whosonfirst/go-whosonfirst-crawl v0.2.1/go.mod h1:MTD1TCgAkXlAtysPU98ylrz9Y5+ZCfRrsrBnRyiH/t8=
github.com/whosonfirst/go-whosonfirst-iterate v1.2.0 h1:+wouZy6JPIrmLBZdFDqI1UJWthbpwGc1JRdnLbW6hIc=
github.com/whosonfirst/go-whosonfirst-iterate v1.2.0/go.mod h1:MOA6QCBONVG98p8kA8HaoBEAmv83jW4SNTfNhHpP9+o=
github.com/whosonfirst/go-whosonfirst-iterate/v2 v2.0.0 h1:w2N2TfsaGcONmQzR4MMxuDvVpt8DuJnlVeS9Eh5Sffk=
github.com/whosonfirst/go-whosonfirst-iterate/v2 v2.0.0/go.mod h1:NeChKAgakom3sWjPfTnxauSykSzmkfqnEbtuy6nSF6s=
github.com/whosonfirst/go-whosonfirst-sources v0.1.0 h1:JuKLa6KWke22jBfJ1pM9WQHoz1/3pbDv2C+aR+THPPQ=
github.com/whosonfirst/go-whosonfirst-sources v0.1.0/go.mod h1:EUMHyGzUmqPPxlMmOp+28BFeoBdxxE0HCKRd67lkqGM=
github.com/whosonfirst/go-whosonfirst-uri v1.1.0 h1:kNYOmKSm3u2asUOeq7yXL1Q8gFKkPIl8A0qinKrGV/8=
github.com/whosonfirst/go-whosonfirst-uri v1.1.0/go.mod h1:8eaDVcc4v+HHHEDaRbApdmhPwM4/JQllw2PktvZcPVs=
github.com/whosonfirst/walk v0.0.1 h1:t0QrqGwOdPMSeovFZSXfiS0GIGHrRXK3Wb9z5Uhs2bg=
github.com/whosonfirst/walk v0.0.1/go.mod h1:1KtP/VeooSlFOI61p+THc/C16Ra8Z5MjpjI0tsd3c1M=
